
Microsoft Visual Studio Solution File, Format Version 12.00
# Visual Studio Version 17
VisualStudioVersion = 17.4.33213.308
MinimumVisualStudioVersion = 10.0.40219.1
Project("{FAE04EC0-301F-11D3-BF4B-00C04F79EFBC}") = "IdentityCoreDemo", "IdentityCoreDemo\IdentityCoreDemo.csproj", "{CA839C4F-99C9-4DD6-8845-C8ABF8F6CF76}"
EndProject
Global
	GlobalSection(SolutionConfigurationPlatforms) = preSolution
		Debug|Any CPU = Debug|Any CPU
		Release|Any CPU = Release|Any CPU
	EndGlobalSection
	GlobalSection(ProjectConfigurationPlatforms) = postSolution
		{CA839C4F-99C9-4DD6-8845-C8ABF8F6CF76}.Debug|Any CPU.ActiveCfg = Debug|Any CPU
		{CA839C4F-99C9-4DD6-8845-C8ABF8F6CF76}.Debug|Any CPU.Build.0 = Debug|Any CPU
		{CA839C4F-99C9-4DD6-8845-C8ABF8F6CF76}.Release|Any CPU.ActiveCfg = Release|Any CPU
		{CA839C4F-99C9-4DD6-8845-C8ABF8F6CF76}.Release|Any CPU.Build.0 = Release|Any CPU
	EndGlobalSection
	GlobalSection(SolutionProperties) = preSolution
		HideSolutionNode = FALSE
	EndGlobalSection
	GlobalSection(ExtensibilityGlobals) = postSolution
		SolutionGuid = {9B899907-488C-4A77-801E-38333F037A03}
	EndGlobalSection
EndGlobal
